
Microsoft Visual Studio Solution File, Format Version 12.00
# Visual Studio Version 17
VisualStudioVersion = 17.4.33205.214
MinimumVisualStudioVersion = 10.0.40219.1
Project("{FAE04EC0-301F-11D3-BF4B-00C04F79EFBC}") = "Week 14", "Week 14\Week 14.csproj", "{5F0C4E74-F9AD-4A64-B859-1B1251EFAD5C}"
EndProject
Global
	GlobalSection(SolutionConfigurationPlatforms) = preSolution
		Debug|Any CPU = Debug|Any CPU
		Release|Any CPU = Release|Any CPU
	EndGlobalSection
	GlobalSection(ProjectConfigurationPlatforms) = postSolution
		{5F0C4E74-F9AD-4A64-B859-1B1251EFAD5C}.Debug|Any CPU.ActiveCfg = Debug|Any CPU
		{5F0C4E74-F9AD-4A64-B859-1B1251EFAD5C}.Debug|Any CPU.Build.0 = Debug|Any CPU
		{5F0C4E74-F9AD-4A64-B859-1B1251EFAD5C}.Release|Any CPU.ActiveCfg = Release|Any CPU
		{5F0C4E74-F9AD-4A64-B859-1B1251EFAD5C}.Release|Any CPU.Build.0 = Release|Any CPU
	EndGlobalSection
	GlobalSection(SolutionProperties) = preSolution
		HideSolutionNode = FALSE
	EndGlobalSection
	GlobalSection(ExtensibilityGlobals) = postSolution
		SolutionGuid = {83C257A5-3E44-4CF5-BA56-199CB016BDEF}
	EndGlobalSection
EndGlobal
